// !$*UTF8*$!
{
	archiveVersion = 1;
	classes = {
	};
	objectVersion = 46;
	objects = {

/* Begin PBXBuildFile section */
		5B4C20D91AFFD6FB00372210 /* main.m in Sources */ = {isa = PBXBuildFile; fileRef = 5B4C20D81AFFD6FB00372210 /* main.m */; };
		5B4C20DC1AFFD6FB00372210 /* AppDelegate.m in Sources */ = {isa = PBXBuildFile; fileRef = 5B4C20DB1AFFD6FB00372210 /* AppDelegate.m */; };
		5B4C20DF1AFFD6FB00372210 /* ViewController.m in Sources */ = {isa = PBXBuildFile; fileRef = 5B4C20DE1AFFD6FB00372210 /* ViewController.m */; };
		5B4C20E21AFFD6FB00372210 /* Main.storyboard in Resources */ = {isa = PBXBuildFile; fileRef = 5B4C20E01AFFD6FB00372210 /* Main.storyboard */; };
		5B4C20E41AFFD6FB00372210 /* Images.xcassets in Resources */ = {isa = PBXBuildFile; fileRef = 5B4C20E31AFFD6FB00372210 /* Images.xcassets */; };
		5B4C20E71AFFD6FB00372210 /* LaunchScreen.xib in Resources */ = {isa = PBXBuildFile; fileRef = 5B4C20E51AFFD6FB00372210 /* LaunchScreen.xib */; };
		5B4C20F31AFFD6FB00372210 /* I_G_R_A_C_Tests.m in Sources */ = {isa = PBXBuildFile; fileRef = 5B4C20F21AFFD6FB00372210 /* I_G_R_A_C_Tests.m */; };
/* End PBXBuildFile section */

/* Begin PBXContainerItemProxy section */
		5B4C20ED1AFFD6FB00372210 /* PBXContainerItemProxy */ = {
			isa = PBXContainerItemProxy;
			containerPortal = 5B4C20CB1AFFD6FB00372210 /* Project object */;
			proxyType = 1;
			remoteGlobalIDString = 5B4C20D21AFFD6FB00372210;
			remoteInfo = I.G.R.A.C.;
		};
/* End PBXContainerItemProxy section */

/* Begin PBXFileReference section */
		5B4C20D31AFFD6FB00372210 /* I.G.R.A.C..app */ = {isa = PBXFileReference; explicitFileType = wrapper.application; includeInIndex = 0; path = I.G.R.A.C..app; sourceTree = BUILT_PRODUCTS_DIR; };
		5B4C20D71AFFD6FB00372210 /* Info.plist */ = {isa = PBXFileReference; lastKnownFileType = text.plist.xml; path = Info.plist; sourceTree = "<group>"; };
		5B4C20D81AFFD6FB00372210 /* main.m */ = {isa = PBXFileReference; lastKnownFileType = sourcecode.c.objc; path = main.m; sourceTree = "<group>"; };
		5B4C20DA1AFFD6FB00372210 /* AppDelegate.h */ = {isa = PBXFileReference; lastKnownFileType = sourcecode.c.h; path = AppDelegate.h; sourceTree = "<group>"; };
		5B4C20DB1AFFD6FB00372210 /* AppDelegate.m */ = {isa = PBXFileReference; lastKnownFileType = sourcecode.c.objc; path = AppDelegate.m; sourceTree = "<group>"; };
		5B4C20DD1AFFD6FB00372210 /* ViewController.h */ = {isa = PBXFileReference; lastKnownFileType = sourcecode.c.h; path = ViewController.h; sourceTree = "<group>"; };
		5B4C20DE1AFFD6FB00372210 /* ViewController.m */ = {isa = PBXFileReference; lastKnownFileType = sourcecode.c.objc; path = ViewController.m; sourceTree = "<group>"; };
		5B4C20E11AFFD6FB00372210 /* Base */ = {isa = PBXFileReference; lastKnownFileType = file.storyboard; name = Base; path = Base.lproj/Main.storyboard; sourceTree = "<group>"; };
		5B4C20E31AFFD6FB00372210 /* Images.xcassets */ = {isa = PBXFileReference; lastKnownFileType = folder.assetcatalog; path = Images.xcassets; sourceTree = "<group>"; };
		5B4C20E61AFFD6FB00372210 /* Base */ = {isa = PBXFileReference; lastKnownFileType = file.xib; name = Base; path = Base.lproj/LaunchScreen.xib; sourceTree = "<group>"; };
		5B4C20EC1AFFD6FB00372210 /* I.G.R.A.C.Tests.xctest */ = {isa = PBXFileReference; explicitFileType = wrapper.cfbundle; includeInIndex = 0; path = I.G.R.A.C.Tests.xctest; sourceTree = BUILT_PRODUCTS_DIR; };
		5B4C20F11AFFD6FB00372210 /* Info.plist */ = {isa = PBXFileReference; lastKnownFileType = text.plist.xml; path = Info.plist; sourceTree = "<group>"; };
		5B4C20F21AFFD6FB00372210 /* I_G_R_A_C_Tests.m */ = {isa = PBXFileReference; lastKnownFileType = sourcecode.c.objc; path = I_G_R_A_C_Tests.m; sourceTree = "<group>"; };
/* End PBXFileReference section */

/* Begin PBXFrameworksBuildPhase section */
		5B4C20D01AFFD6FB00372210 /* Frameworks */ = {
			isa = PBXFrameworksBuildPhase;
			buildActionMask = 2147483647;
			files = (
			);
			runOnlyForDeploymentPostprocessing = 0;
		};
		5B4C20E91AFFD6FB00372210 /* Frameworks */ = {
			isa = PBXFrameworksBuildPhase;
			buildActionMask = 2147483647;
			files = (
			);
			runOnlyForDeploymentPostprocessing = 0;
		};
/* End PBXFrameworksBuildPhase section */

/* Begin PBXGroup section */
		5B4C20CA1AFFD6FB00372210 = {
			isa = PBXGroup;
			children = (
				5B4C20D51AFFD6FB00372210 /* I.G.R.A.C. */,
				5B4C20EF1AFFD6FB00372210 /* I.G.R.A.C.Tests */,
				5B4C20D41AFFD6FB00372210 /* Products */,
			);
			sourceTree = "<group>";
		};
		5B4C20D41AFFD6FB00372210 /* Products */ = {
			isa = PBXGroup;
			children = (
				5B4C20D31AFFD6FB00372210 /* I.G.R.A.C..app */,
				5B4C20EC1AFFD6FB00372210 /* I.G.R.A.C.Tests.xctest */,
			);
			name = Products;
			sourceTree = "<group>";
		};
		5B4C20D51AFFD6FB00372210 /* I.G.R.A.C. */ = {
			isa = PBXGroup;
			children = (
				5B4C20DA1AFFD6FB00372210 /* AppDelegate.h */,
				5B4C20DB1AFFD6FB00372210 /* AppDelegate.m */,
				5B4C20DD1AFFD6FB00372210 /* ViewController.h */,
				5B4C20DE1AFFD6FB00372210 /* ViewController.m */,
				5B4C20E01AFFD6FB00372210 /* Main.storyboard */,
				5B4C20E31AFFD6FB00372210 /* Images.xcassets */,
				5B4C20E51AFFD6FB00372210 /* LaunchScreen.xib */,
				5B4C20D61AFFD6FB00372210 /* Supporting Files */,
			);
			path = I.G.R.A.C.;
			sourceTree = "<group>";
		};
		5B4C20D61AFFD6FB00372210 /* Supporting Files */ = {
			isa = PBXGroup;
			children = (
				5B4C20D71AFFD6FB00372210 /* Info.plist */,
				5B4C20D81AFFD6FB00372210 /* main.m */,
			);
			name = "Supporting Files";
			sourceTree = "<group>";
		};
		5B4C20EF1AFFD6FB00372210 /* I.G.R.A.C.Tests */ = {
			isa = PBXGroup;
			children = (
				5B4C20F21AFFD6FB00372210 /* I_G_R_A_C_Tests.m */,
				5B4C20F01AFFD6FB00372210 /* Supporting Files */,
			);
			path = I.G.R.A.C.Tests;
			sourceTree = "<group>";
		};
		5B4C20F01AFFD6FB00372210 /* Supporting Files */ = {
			isa = PBXGroup;
			children = (
				5B4C20F11AFFD6FB00372210 /* Info.plist */,
			);
			name = "Supporting Files";
			sourceTree = "<group>";
		};
/* End PBXGroup section */

/* Begin PBXNativeTarget section */
		5B4C20D21AFFD6FB00372210 /* I.G.R.A.C. */ = {
			isa = PBXNativeTarget;
			buildConfigurationList = 5B4C20F61AFFD6FB00372210 /* Build configuration list for PBXNativeTarget "I.G.R.A.C." */;
			buildPhases = (
				5B4C20CF1AFFD6FB00372210 /* Sources */,
				5B4C20D01AFFD6FB00372210 /* Frameworks */,
				5B4C20D11AFFD6FB00372210 /* Resources */,
			);
			buildRules = (
			);
			dependencies = (
			);
			name = I.G.R.A.C.;
			productName = I.G.R.A.C.;
			productReference = 5B4C20D31AFFD6FB00372210 /* I.G.R.A.C..app */;
			productType = "com.apple.product-type.application";
		};
		5B4C20EB1AFFD6FB00372210 /* I.G.R.A.C.Tests */ = {
			isa = PBXNativeTarget;
			buildConfigurationList = 5B4C20F91AFFD6FB00372210 /* Build configuration list for PBXNativeTarget "I.G.R.A.C.Tests" */;
			buildPhases = (
				5B4C20E81AFFD6FB00372210 /* Sources */,
				5B4C20E91AFFD6FB00372210 /* Frameworks */,
				5B4C20EA1AFFD6FB00372210 /* Resources */,
			);
			buildRules = (
			);
			dependencies = (
				5B4C20EE1AFFD6FB00372210 /* PBXTargetDependency */,
			);
			name = I.G.R.A.C.Tests;
			productName = I.G.R.A.C.Tests;
			productReference = 5B4C20EC1AFFD6FB00372210 /* I.G.R.A.C.Tests.xctest */;
			productType = "com.apple.product-type.bundle.unit-test";
		};
/* End PBXNativeTarget section */

/* Begin PBXProject section */
		5B4C20CB1AFFD6FB00372210 /* Project object */ = {
			isa = PBXProject;
			attributes = {
				LastUpgradeCheck = 0630;
				ORGANIZATIONNAME = "Victor Carreño";
				TargetAttributes = {
					5B4C20D21AFFD6FB00372210 = {
						CreatedOnToolsVersion = 6.3.1;
					};
					5B4C20EB1AFFD6FB00372210 = {
						CreatedOnToolsVersion = 6.3.1;
						TestTargetID = 5B4C20D21AFFD6FB00372210;
					};
				};
			};
			buildConfigurationList = 5B4C20CE1AFFD6FB00372210 /* Build configuration list for PBXProject "I.G.R.A.C." */;
			compatibilityVersion = "Xcode 3.2";
			developmentRegion = English;
			hasScannedForEncodings = 0;
			knownRegions = (
				en,
				Base,
			);
			mainGroup = 5B4C20CA1AFFD6FB00372210;
			productRefGroup = 5B4C20D41AFFD6FB00372210 /* Products */;
			projectDirPath = "";
			projectRoot = "";
			targets = (
				5B4C20D21AFFD6FB00372210 /* I.G.R.A.C. */,
				5B4C20EB1AFFD6FB00372210 /* I.G.R.A.C.Tests */,
			);
		};
/* End PBXProject section */

/* Begin PBXResourcesBuildPhase section */
		5B4C20D11AFFD6FB00372210 /* Resources */ = {
			isa = PBXResourcesBuildPhase;
			buildActionMask = 2147483647;
			files = (
				5B4C20E21AFFD6FB00372210 /* Main.storyboard in Resources */,
				5B4C20E71AFFD6FB00372210 /* LaunchScreen.xib in Resources */,
				5B4C20E41AFFD6FB00372210 /* Images.xcassets in Resources */,
			);
			runOnlyForDeploymentPostprocessing = 0;
		};
		5B4C20EA1AFFD6FB00372210 /* Resources */ = {
			isa = PBXResourcesBuildPhase;
			buildActionMask = 2147483647;
			files = (
			);
			runOnlyForDeploymentPostprocessing = 0;
		};
/* End PBXResourcesBuildPhase section */

/* Begin PBXSourcesBuildPhase section */
		5B4C20CF1AFFD6FB00372210 /* Sources */ = {
			isa = PBXSourcesBuildPhase;
			buildActionMask = 2147483647;
			files = (
				5B4C20DF1AFFD6FB00372210 /* ViewController.m in Sources */,
				5B4C20DC1AFFD6FB00372210 /* AppDelegate.m in Sources */,
				5B4C20D91AFFD6FB00372210 /* main.m in Sources */,
			);
			runOnlyForDeploymentPostprocessing = 0;
		};
		5B4C20E81AFFD6FB00372210 /* Sources */ = {
			isa = PBXSourcesBuildPhase;
			buildActionMask = 2147483647;
			files = (
				5B4C20F31AFFD6FB00372210 /* I_G_R_A_C_Tests.m in Sources */,
			);
			runOnlyForDeploymentPostprocessing = 0;
		};
/* End PBXSourcesBuildPhase section */

/* Begin PBXTargetDependency section */
		5B4C20EE1AFFD6FB00372210 /* PBXTargetDependency */ = {
			isa = PBXTargetDependency;
			target = 5B4C20D21AFFD6FB00372210 /* I.G.R.A.C. */;
			targetProxy = 5B4C20ED1AFFD6FB00372210 /* PBXContainerItemProxy */;
		};
/* End PBXTargetDependency section */

/* Begin PBXVariantGroup section */
		5B4C20E01AFFD6FB00372210 /* Main.storyboard */ = {
			isa = PBXVariantGroup;
			children = (
				5B4C20E11AFFD6FB00372210 /* Base */,
			);
			name = Main.storyboard;
			sourceTree = "<group>";
		};
		5B4C20E51AFFD6FB00372210 /* LaunchScreen.xib */ = {
			isa = PBXVariantGroup;
			children = (
				5B4C20E61AFFD6FB00372210 /* Base */,
			);
			name = LaunchScreen.xib;
			sourceTree = "<group>";
		};
/* End PBXVariantGroup section */

/* Begin XCBuildConfiguration section */
		5B4C20F41AFFD6FB00372210 /* Debug */ = {
			isa = XCBuildConfiguration;
			buildSettings = {
				ALWAYS_SEARCH_USER_PATHS = NO;
				CLANG_CXX_LANGUAGE_STANDARD = "gnu++0x";
				CLANG_CXX_LIBRARY = "libc++";
				CLANG_ENABLE_MODULES = YES;
				CLANG_ENABLE_OBJC_ARC = YES;
				CLANG_WARN_BOOL_CONVERSION = YES;
				CLANG_WARN_CONSTANT_CONVERSION = YES;
				CLANG_WARN_DIRECT_OBJC_ISA_USAGE = YES_ERROR;
				CLANG_WARN_EMPTY_BODY = YES;
				CLANG_WARN_ENUM_CONVERSION = YES;
				CLANG_WARN_INT_CONVERSION = YES;
				CLANG_WARN_OBJC_ROOT_CLASS = YES_ERROR;
				CLANG_WARN_UNREACHABLE_CODE = YES;
				CLANG_WARN__DUPLICATE_METHOD_MATCH = YES;
				"CODE_SIGN_IDENTITY[sdk=iphoneos*]" = "iPhone Developer";
				COPY_PHASE_STRIP = NO;
				DEBUG_INFORMATION_FORMAT = "dwarf-with-dsym";
				ENABLE_STRICT_OBJC_MSGSEND = YES;
				GCC_C_LANGUAGE_STANDARD = gnu99;
				GCC_DYNAMIC_NO_PIC = NO;
				GCC_NO_COMMON_BLOCKS = YES;
				GCC_OPTIMIZATION_LEVEL = 0;
				GCC_PREPROCESSOR_DEFINITIONS = (
					"DEBUG=1",
					"$(inherited)",
				);
				GCC_SYMBOLS_PRIVATE_EXTERN = NO;
				GCC_WARN_64_TO_32_BIT_CONVERSION = YES;
				GCC_WARN_ABOUT_RETURN_TYPE = YES_ERROR;
				GCC_WARN_UNDECLARED_SELECTOR = YES;
				GCC_WARN_UNINITIALIZED_AUTOS = YES_AGGRESSIVE;
				GCC_WARN_UNUSED_FUNCTION = YES;
				GCC_WARN_UNUSED_VARIABLE = YES;
				IPHONEOS_DEPLOYMENT_TARGET = 8.3;
				MTL_ENABLE_DEBUG_INFO = YES;
				ONLY_ACTIVE_ARCH = YES;
				SDKROOT = iphoneos;
			};
			name = Debug;
		};
		5B4C20F51AFFD6FB00372210 /* Release */ = {
			isa = XCBuildConfiguration;
			buildSettings = {
				ALWAYS_SEARCH_USER_PATHS = NO;
				CLANG_CXX_LANGUAGE_STANDARD = "gnu++0x";
				CLANG_CXX_LIBRARY = "libc++";
				CLANG_ENABLE_MODULES = YES;
				CLANG_ENABLE_OBJC_ARC = YES;
				CLANG_WARN_BOOL_CONVERSION = YES;
				CLANG_WARN_CONSTANT_CONVERSION = YES;
				CLANG_WARN_DIRECT_OBJC_ISA_USAGE = YES_ERROR;
				CLANG_WARN_EMPTY_BODY = YES;
				CLANG_WARN_ENUM_CONVERSION = YES;
				CLANG_WARN_INT_CONVERSION = YES;
				CLANG_WARN_OBJC_ROOT_CLASS = YES_ERROR;
				CLANG_WARN_UNREACHABLE_CODE = YES;
				CLANG_WARN__DUPLICATE_METHOD_MATCH = YES;
				"CODE_SIGN_IDENTITY[sdk=iphoneos*]" = "iPhone Developer";
				COPY_PHASE_STRIP = NO;
				DEBUG_INFORMATION_FORMAT = "dwarf-with-dsym";
				ENABLE_NS_ASSERTIONS = NO;
				ENABLE_STRICT_OBJC_MSGSEND = YES;
				GCC_C_LANGUAGE_STANDARD = gnu99;
				GCC_NO_COMMON_BLOCKS = YES;
				GCC_WARN_64_TO_32_BIT_CONVERSION = YES;
				GCC_WARN_ABOUT_RETURN_TYPE = YES_ERROR;
				GCC_WARN_UNDECLARED_SELECTOR = YES;
				GCC_WARN_UNINITIALIZED_AUTOS = YES_AGGRESSIVE;
				GCC_WARN_UNUSED_FUNCTION = YES;
				GCC_WARN_UNUSED_VARIABLE = YES;
				IPHONEOS_DEPLOYMENT_TARGET = 8.3;
				MTL_ENABLE_DEBUG_INFO = NO;
				SDKROOT = iphoneos;
				VALIDATE_PRODUCT = YES;
			};
			name = Release;
		};
		5B4C20F71AFFD6FB00372210 /* Debug */ = {
			isa = XCBuildConfiguration;
			buildSettings = {
				ASSETCATALOG_COMPILER_APPICON_NAME = AppIcon;
				INFOPLIST_FILE = I.G.R.A.C./Info.plist;
				LD_RUNPATH_SEARCH_PATHS = "$(inherited) @executable_path/Frameworks";
				PRODUCT_NAME = "$(TARGET_NAME)";
			};
			name = Debug;
		};
		5B4C20F81AFFD6FB00372210 /* Release */ = {
			isa = XCBuildConfiguration;
			buildSettings = {
				ASSETCATALOG_COMPILER_APPICON_NAME = AppIcon;
				INFOPLIST_FILE = I.G.R.A.C./Info.plist;
				LD_RUNPATH_SEARCH_PATHS = "$(inherited) @executable_path/Frameworks";
				PRODUCT_NAME = "$(TARGET_NAME)";
			};
			name = Release;
		};
		5B4C20FA1AFFD6FB00372210 /* Debug */ = {
			isa = XCBuildConfiguration;
			buildSettings = {
				BUNDLE_LOADER = "$(TEST_HOST)";
				FRAMEWORK_SEARCH_PATHS = (
					"$(SDKROOT)/Developer/Library/Frameworks",
					"$(inherited)",
				);
				GCC_PREPROCESSOR_DEFINITIONS = (
					"DEBUG=1",
					"$(inherited)",
				);
				INFOPLIST_FILE = I.G.R.A.C.Tests/Info.plist;
				LD_RUNPATH_SEARCH_PATHS = "$(inherited) @executable_path/Frameworks @loader_path/Frameworks";
				PRODUCT_NAME = "$(TARGET_NAME)";
				TEST_HOST = "$(BUILT_PRODUCTS_DIR)/I.G.R.A.C..app/I.G.R.A.C.";
			};
			name = Debug;
		};
		5B4C20FB1AFFD6FB00372210 /* Release */ = {
			isa = XCBuildConfiguration;
			buildSettings = {
				BUNDLE_LOADER = "$(TEST_HOST)";
				FRAMEWORK_SEARCH_PATHS = (
					"$(SDKROOT)/Developer/Library/Frameworks",
					"$(inherited)",
				);
				INFOPLIST_FILE = I.G.R.A.C.Tests/Info.plist;
				LD_RUNPATH_SEARCH_PATHS = "$(inherited) @executable_path/Frameworks @loader_path/Frameworks";
				PRODUCT_NAME = "$(TARGET_NAME)";
				TEST_HOST = "$(BUILT_PRODUCTS_DIR)/I.G.R.A.C..app/I.G.R.A.C.";
			};
			name = Release;
		};
/* End XCBuildConfiguration section */

/* Begin XCConfigurationList section */
		5B4C20CE1AFFD6FB00372210 /* Build configuration list for PBXProject "I.G.R.A.C." */ = {
			isa = XCConfigurationList;
			buildConfigurations = (
				5B4C20F41AFFD6FB00372210 /* Debug */,
				5B4C20F51AFFD6FB00372210 /* Release */,
			);
			defaultConfigurationIsVisible = 0;
			defaultConfigurationName = Release;
		};
		5B4C20F61AFFD6FB00372210 /* Build configuration list for PBXNativeTarget "I.G.R.A.C." */ = {
			isa = XCConfigurationList;
			buildConfigurations = (
				5B4C20F71AFFD6FB00372210 /* Debug */,
				5B4C20F81AFFD6FB00372210 /* Release */,
			);
			defaultConfigurationIsVisible = 0;
		};
		5B4C20F91AFFD6FB00372210 /* Build configuration list for PBXNativeTarget "I.G.R.A.C.Tests" */ = {
			isa = XCConfigurationList;
			buildConfigurations = (
				5B4C20FA1AFFD6FB00372210 /* Debug */,
				5B4C20FB1AFFD6FB00372210 /* Release */,
			);
			defaultConfigurationIsVisible = 0;
		};
/* End XCConfigurationList section */
	};
	rootObject = 5B4C20CB1AFFD6FB00372210 /* Project object */;
}
